version = 1
revision = 3
requires-python = ">=3.14"

[[package]]
name = "invoke"
version = "3.0.3"
source = { registry = "https://pypi.org/simple" }
sdist = { url = "https://files.pythonhosted.org/packages/33/f6/227c48c5fe47fa178ccf1fda8f047d16c97ba926567b661e9ce2045c600c/invoke-3.0.3.tar.gz", hash = "sha256:437b6a622223824380bfb4e64f612711a6b648c795f565efc8625af66fb57f0c", size = 343419, upload-time = "2026-04-07T15:17:48.307Z" }
wheels = [
    { url = "https://files.pythonhosted.org/packages/5a/de/bbc12563bbf979618d17625a4e753ff7a078523e28d870d3626daa97261a/invoke-3.0.3-py3-none-any.whl", hash = "sha256:f11327165e5cbb89b2ad1d88d3292b5113332c43b8553b494da435d6ec6f5053", size = 160958, upload-time = "2026-04-07T15:17:46.875Z" },
]

[[package]]
name = "scripts"
version = "0.1.0"
source = { virtual = "." }
dependencies = [
    { name = "invoke" },
]

[package.metadata]
requires-dist = [{ name = "invoke", specifier = ">=3.0.3" }]
